
Microsoft Visual Studio Solution File, Format Version 12.00
# Visual Studio Version 17
VisualStudioVersion = 17.14.36203.30 d17.14
MinimumVisualStudioVersion = 10.0.40219.1
Project("{FAE04EC0-301F-11D3-BF4B-00C04F79EFBC}") = "RulayApp.Android", "RulayApp\RulayApp.Android\RulayApp.Android.csproj", "{5AB5879B-75ED-4E95-B69D-73719BE79D35}"
EndProject
Project("{FAE04EC0-301F-11D3-BF4B-00C04F79EFBC}") = "RulayApp.iOS", "RulayApp\RulayApp.iOS\RulayApp.iOS.csproj", "{D49F5CEE-F96D-44DC-9CF2-22889C9E4E41}"
EndProject
Project("{FAE04EC0-301F-11D3-BF4B-00C04F79EFBC}") = "RulayApp", "RulayApp\RulayApp\RulayApp.csproj", "{E0A43F74-37D7-43DF-9BC8-258905C76E52}"
EndProject
Global
	GlobalSection(SolutionConfigurationPlatforms) = preSolution
		Debug|Any CPU = Debug|Any CPU
		Release|Any CPU = Release|Any CPU
	EndGlobalSection
	GlobalSection(ProjectConfigurationPlatforms) = postSolution
		{5AB5879B-75ED-4E95-B69D-73719BE79D35}.Debug|Any CPU.ActiveCfg = Debug|Any CPU
		{5AB5879B-75ED-4E95-B69D-73719BE79D35}.Debug|Any CPU.Build.0 = Debug|Any CPU
		{5AB5879B-75ED-4E95-B69D-73719BE79D35}.Debug|Any CPU.Deploy.0 = Debug|Any CPU
		{5AB5879B-75ED-4E95-B69D-73719BE79D35}.Release|Any CPU.ActiveCfg = Release|Any CPU
		{5AB5879B-75ED-4E95-B69D-73719BE79D35}.Release|Any CPU.Build.0 = Release|Any CPU
		{5AB5879B-75ED-4E95-B69D-73719BE79D35}.Release|Any CPU.Deploy.0 = Release|Any CPU
		{D49F5CEE-F96D-44DC-9CF2-22889C9E4E41}.Debug|Any CPU.ActiveCfg = Debug|iPhone
		{D49F5CEE-F96D-44DC-9CF2-22889C9E4E41}.Debug|Any CPU.Build.0 = Debug|iPhone
		{D49F5CEE-F96D-44DC-9CF2-22889C9E4E41}.Debug|Any CPU.Deploy.0 = Debug|iPhone
		{D49F5CEE-F96D-44DC-9CF2-22889C9E4E41}.Release|Any CPU.ActiveCfg = Release|iPhoneSimulator
		{D49F5CEE-F96D-44DC-9CF2-22889C9E4E41}.Release|Any CPU.Build.0 = Release|iPhoneSimulator
		{D49F5CEE-F96D-44DC-9CF2-22889C9E4E41}.Release|Any CPU.Deploy.0 = Release|iPhoneSimulator
		{E0A43F74-37D7-43DF-9BC8-258905C76E52}.Debug|Any CPU.ActiveCfg = Debug|Any CPU
		{E0A43F74-37D7-43DF-9BC8-258905C76E52}.Debug|Any CPU.Build.0 = Debug|Any CPU
		{E0A43F74-37D7-43DF-9BC8-258905C76E52}.Debug|Any CPU.Deploy.0 = Debug|Any CPU
		{E0A43F74-37D7-43DF-9BC8-258905C76E52}.Release|Any CPU.ActiveCfg = Release|Any CPU
		{E0A43F74-37D7-43DF-9BC8-258905C76E52}.Release|Any CPU.Build.0 = Release|Any CPU
		{E0A43F74-37D7-43DF-9BC8-258905C76E52}.Release|Any CPU.Deploy.0 = Release|Any CPU
	EndGlobalSection
	GlobalSection(SolutionProperties) = preSolution
		HideSolutionNode = FALSE
	EndGlobalSection
	GlobalSection(ExtensibilityGlobals) = postSolution
		SolutionGuid = {05343485-E018-4248-8987-32193107837C}
	EndGlobalSection
EndGlobal
